
Microsoft Visual Studio Solution File, Format Version 12.00
# Visual Studio Version 16
VisualStudioVersion = 16.0.31702.278
MinimumVisualStudioVersion = 10.0.40219.1
Project("{FAE04EC0-301F-11D3-BF4B-00C04F79EFBC}") = "MonAnNgon.Android", "MonAnNgon\MonAnNgon.Android\MonAnNgon.Android.csproj", "{D097AADD-6C18-44A0-A1B6-43C92E8B6986}"
EndProject
Project("{FAE04EC0-301F-11D3-BF4B-00C04F79EFBC}") = "MonAnNgon.iOS", "MonAnNgon\MonAnNgon.iOS\MonAnNgon.iOS.csproj", "{F3CCBFC7-774D-42D0-91E1-75833403B0D9}"
EndProject
Project("{FAE04EC0-301F-11D3-BF4B-00C04F79EFBC}") = "MonAnNgon", "MonAnNgon\MonAnNgon\MonAnNgon.csproj", "{4AEBF708-954F-42A7-8F48-70ACFC915A13}"
EndProject
Global
	GlobalSection(SolutionConfigurationPlatforms) = preSolution
		Debug|Any CPU = Debug|Any CPU
		Debug|iPhone = Debug|iPhone
		Debug|iPhoneSimulator = Debug|iPhoneSimulator
		Release|Any CPU = Release|Any CPU
		Release|iPhone = Release|iPhone
		Release|iPhoneSimulator = Release|iPhoneSimulator
	EndGlobalSection
	GlobalSection(ProjectConfigurationPlatforms) = postSolution
		{D097AADD-6C18-44A0-A1B6-43C92E8B6986}.Debug|Any CPU.ActiveCfg = Debug|Any CPU
		{D097AADD-6C18-44A0-A1B6-43C92E8B6986}.Debug|Any CPU.Build.0 = Debug|Any CPU
		{D097AADD-6C18-44A0-A1B6-43C92E8B6986}.Debug|Any CPU.Deploy.0 = Debug|Any CPU
		{D097AADD-6C18-44A0-A1B6-43C92E8B6986}.Debug|iPhone.ActiveCfg = Debug|Any CPU
		{D097AADD-6C18-44A0-A1B6-43C92E8B6986}.Debug|iPhone.Build.0 = Debug|Any CPU
		{D097AADD-6C18-44A0-A1B6-43C92E8B6986}.Debug|iPhone.Deploy.0 = Debug|Any CPU
		{D097AADD-6C18-44A0-A1B6-43C92E8B6986}.Debug|iPhoneSimulator.ActiveCfg = Debug|Any CPU
		{D097AADD-6C18-44A0-A1B6-43C92E8B6986}.Debug|iPhoneSimulator.Build.0 = Debug|Any CPU
		{D097AADD-6C18-44A0-A1B6-43C92E8B6986}.Debug|iPhoneSimulator.Deploy.0 = Debug|Any CPU
		{D097AADD-6C18-44A0-A1B6-43C92E8B6986}.Release|Any CPU.ActiveCfg = Release|Any CPU
		{D097AADD-6C18-44A0-A1B6-43C92E8B6986}.Release|Any CPU.Build.0 = Release|Any CPU
		{D097AADD-6C18-44A0-A1B6-43C92E8B6986}.Release|Any CPU.Deploy.0 = Release|Any CPU
		{D097AADD-6C18-44A0-A1B6-43C92E8B6986}.Release|iPhone.ActiveCfg = Release|Any CPU
		{D097AADD-6C18-44A0-A1B6-43C92E8B6986}.Release|iPhone.Build.0 = Release|Any CPU
		{D097AADD-6C18-44A0-A1B6-43C92E8B6986}.Release|iPhone.Deploy.0 = Release|Any CPU
		{D097AADD-6C18-44A0-A1B6-43C92E8B6986}.Release|iPhoneSimulator.ActiveCfg = Release|Any CPU
		{D097AADD-6C18-44A0-A1B6-43C92E8B6986}.Release|iPhoneSimulator.Build.0 = Release|Any CPU
		{D097AADD-6C18-44A0-A1B6-43C92E8B6986}.Release|iPhoneSimulator.Deploy.0 = Release|Any CPU
		{F3CCBFC7-774D-42D0-91E1-75833403B0D9}.Debug|Any CPU.ActiveCfg = Debug|iPhone
		{F3CCBFC7-774D-42D0-91E1-75833403B0D9}.Debug|Any CPU.Build.0 = Debug|iPhone
		{F3CCBFC7-774D-42D0-91E1-75833403B0D9}.Debug|Any CPU.Deploy.0 = Debug|iPhone
		{F3CCBFC7-774D-42D0-91E1-75833403B0D9}.Debug|iPhone.ActiveCfg = Debug|iPhone
		{F3CCBFC7-774D-42D0-91E1-75833403B0D9}.Debug|iPhone.Build.0 = Debug|iPhone
		{F3CCBFC7-774D-42D0-91E1-75833403B0D9}.Debug|iPhone.Deploy.0 = Debug|iPhone
		{F3CCBFC7-774D-42D0-91E1-75833403B0D9}.Debug|iPhoneSimulator.ActiveCfg = Debug|iPhoneSimulator
		{F3CCBFC7-774D-42D0-91E1-75833403B0D9}.Debug|iPhoneSimulator.Build.0 = Debug|iPhoneSimulator
		{F3CCBFC7-774D-42D0-91E1-75833403B0D9}.Debug|iPhoneSimulator.Deploy.0 = Debug|iPhoneSimulator
		{F3CCBFC7-774D-42D0-91E1-75833403B0D9}.Release|Any CPU.ActiveCfg = Release|iPhoneSimulator
		{F3CCBFC7-774D-42D0-91E1-75833403B0D9}.Release|Any CPU.Build.0 = Release|iPhoneSimulator
		{F3CCBFC7-774D-42D0-91E1-75833403B0D9}.Release|Any CPU.Deploy.0 = Release|iPhoneSimulator
		{F3CCBFC7-774D-42D0-91E1-75833403B0D9}.Release|iPhone.ActiveCfg = Release|iPhone
		{F3CCBFC7-774D-42D0-91E1-75833403B0D9}.Release|iPhone.Build.0 = Release|iPhone
		{F3CCBFC7-774D-42D0-91E1-75833403B0D9}.Release|iPhone.Deploy.0 = Release|iPhone
		{F3CCBFC7-774D-42D0-91E1-75833403B0D9}.Release|iPhoneSimulator.ActiveCfg = Release|iPhoneSimulator
		{F3CCBFC7-774D-42D0-91E1-75833403B0D9}.Release|iPhoneSimulator.Build.0 = Release|iPhoneSimulator
		{F3CCBFC7-774D-42D0-91E1-75833403B0D9}.Release|iPhoneSimulator.Deploy.0 = Release|iPhoneSimulator
		{4AEBF708-954F-42A7-8F48-70ACFC915A13}.Debug|Any CPU.ActiveCfg = Debug|Any CPU
		{4AEBF708-954F-42A7-8F48-70ACFC915A13}.Debug|Any CPU.Build.0 = Debug|Any CPU
		{4AEBF708-954F-42A7-8F48-70ACFC915A13}.Debug|Any CPU.Deploy.0 = Debug|Any CPU
		{4AEBF708-954F-42A7-8F48-70ACFC915A13}.Debug|iPhone.ActiveCfg = Debug|Any CPU
		{4AEBF708-954F-42A7-8F48-70ACFC915A13}.Debug|iPhone.Build.0 = Debug|Any CPU
		{4AEBF708-954F-42A7-8F48-70ACFC915A13}.Debug|iPhone.Deploy.0 = Debug|Any CPU
		{4AEBF708-954F-42A7-8F48-70ACFC915A13}.Debug|iPhoneSimulator.ActiveCfg = Debug|Any CPU
		{4AEBF708-954F-42A7-8F48-70ACFC915A13}.Debug|iPhoneSimulator.Build.0 = Debug|Any CPU
		{4AEBF708-954F-42A7-8F48-70ACFC915A13}.Debug|iPhoneSimulator.Deploy.0 = Debug|Any CPU
		{4AEBF708-954F-42A7-8F48-70ACFC915A13}.Release|Any CPU.ActiveCfg = Release|Any CPU
		{4AEBF708-954F-42A7-8F48-70ACFC915A13}.Release|Any CPU.Build.0 = Release|Any CPU
		{4AEBF708-954F-42A7-8F48-70ACFC915A13}.Release|Any CPU.Deploy.0 = Release|Any CPU
		{4AEBF708-954F-42A7-8F48-70ACFC915A13}.Release|iPhone.ActiveCfg = Release|Any CPU
		{4AEBF708-954F-42A7-8F48-70ACFC915A13}.Release|iPhone.Build.0 = Release|Any CPU
		{4AEBF708-954F-42A7-8F48-70ACFC915A13}.Release|iPhone.Deploy.0 = Release|Any CPU
		{4AEBF708-954F-42A7-8F48-70ACFC915A13}.Release|iPhoneSimulator.ActiveCfg = Release|Any CPU
		{4AEBF708-954F-42A7-8F48-70ACFC915A13}.Release|iPhoneSimulator.Build.0 = Release|Any CPU
		{4AEBF708-954F-42A7-8F48-70ACFC915A13}.Release|iPhoneSimulator.Deploy.0 = Release|Any CPU
	EndGlobalSection
	GlobalSection(SolutionProperties) = preSolution
		HideSolutionNode = FALSE
	EndGlobalSection
	GlobalSection(ExtensibilityGlobals) = postSolution
		SolutionGuid = {8B31115E-74FD-4916-8231-2EC93BCFF3B4}
	EndGlobalSection
EndGlobal
